
Microsoft Visual Studio Solution File, Format Version 12.00
# Visual Studio Version 17
VisualStudioVersion = 17.0.31903.59
MinimumVisualStudioVersion = 10.0.40219.1
Project("{FAE04EC0-301F-11D3-BF4B-00C04F79EFBC}") = "Calculation", "Calculation\Calculation.csproj", "{EF7385DE-4784-4675-A7B4-E145BEE0192A}"
EndProject
Project("{FAE04EC0-301F-11D3-BF4B-00C04F79EFBC}") = "Calculation.Test", "Calculation.Test\Calculation.Test.csproj", "{ABA7B049-CA0A-4A96-AB76-4B622A2558F1}"
EndProject
Project("{FAE04EC0-301F-11D3-BF4B-00C04F79EFBC}") = "Calculation.Test2", "Calculation.Test2\Calculation.Test2.csproj", "{B3C2F484-B2E7-4BBE-94C5-1FEE9FE2A8FA}"
EndProject
Project("{2150E333-8FDC-42A3-9474-1A3956D46DE8}") = "xUnit", "xUnit", "{19B533D7-D46D-4D09-A765-8BB57B1AE745}"
EndProject
Project("{FAE04EC0-301F-11D3-BF4B-00C04F79EFBC}") = "CalculationNUnit", "CalculationNUnit\CalculationNUnit.csproj", "{B9654D95-6759-47A5-92F2-FC79A089C890}"
EndProject
Project("{FAE04EC0-301F-11D3-BF4B-00C04F79EFBC}") = "CalculationNUnit.Test", "CalculationNUnit.Test\CalculationNUnit.Test.csproj", "{8619B134-5650-4077-BFB5-F7C07F6B7DAD}"
EndProject
Project("{2150E333-8FDC-42A3-9474-1A3956D46DE8}") = "NUnit", "NUnit", "{6116ED4F-C9BD-4A5A-94CC-37CFA701984B}"
EndProject
Project("{FAE04EC0-301F-11D3-BF4B-00C04F79EFBC}") = "CalculationNunit.Test2", "CalculationNunit.Test2\CalculationNunit.Test2.csproj", "{916CFEAB-0C68-4840-AA26-E86EC3BC6CED}"
EndProject
Global
	GlobalSection(SolutionProperties) = preSolution
		HideSolutionNode = FALSE
	EndGlobalSection
	GlobalSection(SolutionConfigurationPlatforms) = preSolution
		Debug|Any CPU = Debug|Any CPU
		Debug|x64 = Debug|x64
		Debug|x86 = Debug|x86
		Release|Any CPU = Release|Any CPU
		Release|x64 = Release|x64
		Release|x86 = Release|x86
	EndGlobalSection
	GlobalSection(ProjectConfigurationPlatforms) = postSolution
		{EF7385DE-4784-4675-A7B4-E145BEE0192A}.Debug|Any CPU.ActiveCfg = Debug|Any CPU
		{EF7385DE-4784-4675-A7B4-E145BEE0192A}.Debug|Any CPU.Build.0 = Debug|Any CPU
		{EF7385DE-4784-4675-A7B4-E145BEE0192A}.Debug|x64.ActiveCfg = Debug|Any CPU
		{EF7385DE-4784-4675-A7B4-E145BEE0192A}.Debug|x64.Build.0 = Debug|Any CPU
		{EF7385DE-4784-4675-A7B4-E145BEE0192A}.Debug|x86.ActiveCfg = Debug|Any CPU
		{EF7385DE-4784-4675-A7B4-E145BEE0192A}.Debug|x86.Build.0 = Debug|Any CPU
		{EF7385DE-4784-4675-A7B4-E145BEE0192A}.Release|Any CPU.ActiveCfg = Release|Any CPU
		{EF7385DE-4784-4675-A7B4-E145BEE0192A}.Release|Any CPU.Build.0 = Release|Any CPU
		{EF7385DE-4784-4675-A7B4-E145BEE0192A}.Release|x64.ActiveCfg = Release|Any CPU
		{EF7385DE-4784-4675-A7B4-E145BEE0192A}.Release|x64.Build.0 = Release|Any CPU
		{EF7385DE-4784-4675-A7B4-E145BEE0192A}.Release|x86.ActiveCfg = Release|Any CPU
		{EF7385DE-4784-4675-A7B4-E145BEE0192A}.Release|x86.Build.0 = Release|Any CPU
		{ABA7B049-CA0A-4A96-AB76-4B622A2558F1}.Debug|Any CPU.ActiveCfg = Debug|Any CPU
		{ABA7B049-CA0A-4A96-AB76-4B622A2558F1}.Debug|Any CPU.Build.0 = Debug|Any CPU
		{ABA7B049-CA0A-4A96-AB76-4B622A2558F1}.Debug|x64.ActiveCfg = Debug|Any CPU
		{ABA7B049-CA0A-4A96-AB76-4B622A2558F1}.Debug|x64.Build.0 = Debug|Any CPU
		{ABA7B049-CA0A-4A96-AB76-4B622A2558F1}.Debug|x86.ActiveCfg = Debug|Any CPU
		{ABA7B049-CA0A-4A96-AB76-4B622A2558F1}.Debug|x86.Build.0 = Debug|Any CPU
		{ABA7B049-CA0A-4A96-AB76-4B622A2558F1}.Release|Any CPU.ActiveCfg = Release|Any CPU
		{ABA7B049-CA0A-4A96-AB76-4B622A2558F1}.Release|Any CPU.Build.0 = Release|Any CPU
		{ABA7B049-CA0A-4A96-AB76-4B622A2558F1}.Release|x64.ActiveCfg = Release|Any CPU
		{ABA7B049-CA0A-4A96-AB76-4B622A2558F1}.Release|x64.Build.0 = Release|Any CPU
		{ABA7B049-CA0A-4A96-AB76-4B622A2558F1}.Release|x86.ActiveCfg = Release|Any CPU
		{ABA7B049-CA0A-4A96-AB76-4B622A2558F1}.Release|x86.Build.0 = Release|Any CPU
		{B3C2F484-B2E7-4BBE-94C5-1FEE9FE2A8FA}.Debug|Any CPU.ActiveCfg = Debug|Any CPU
		{B3C2F484-B2E7-4BBE-94C5-1FEE9FE2A8FA}.Debug|Any CPU.Build.0 = Debug|Any CPU
		{B3C2F484-B2E7-4BBE-94C5-1FEE9FE2A8FA}.Debug|x64.ActiveCfg = Debug|Any CPU
		{B3C2F484-B2E7-4BBE-94C5-1FEE9FE2A8FA}.Debug|x64.Build.0 = Debug|Any CPU
		{B3C2F484-B2E7-4BBE-94C5-1FEE9FE2A8FA}.Debug|x86.ActiveCfg = Debug|Any CPU
		{B3C2F484-B2E7-4BBE-94C5-1FEE9FE2A8FA}.Debug|x86.Build.0 = Debug|Any CPU
		{B3C2F484-B2E7-4BBE-94C5-1FEE9FE2A8FA}.Release|Any CPU.ActiveCfg = Release|Any CPU
		{B3C2F484-B2E7-4BBE-94C5-1FEE9FE2A8FA}.Release|Any CPU.Build.0 = Release|Any CPU
		{B3C2F484-B2E7-4BBE-94C5-1FEE9FE2A8FA}.Release|x64.ActiveCfg = Release|Any CPU
		{B3C2F484-B2E7-4BBE-94C5-1FEE9FE2A8FA}.Release|x64.Build.0 = Release|Any CPU
		{B3C2F484-B2E7-4BBE-94C5-1FEE9FE2A8FA}.Release|x86.ActiveCfg = Release|Any CPU
		{B3C2F484-B2E7-4BBE-94C5-1FEE9FE2A8FA}.Release|x86.Build.0 = Release|Any CPU
		{D271657C-2044-4D0B-8D7C-48F032E3FDF8}.Debug|Any CPU.ActiveCfg = Debug|Any CPU
		{D271657C-2044-4D0B-8D7C-48F032E3FDF8}.Debug|Any CPU.Build.0 = Debug|Any CPU
		{D271657C-2044-4D0B-8D7C-48F032E3FDF8}.Debug|x64.ActiveCfg = Debug|Any CPU
		{D271657C-2044-4D0B-8D7C-48F032E3FDF8}.Debug|x64.Build.0 = Debug|Any CPU
		{D271657C-2044-4D0B-8D7C-48F032E3FDF8}.Debug|x86.ActiveCfg = Debug|Any CPU
		{D271657C-2044-4D0B-8D7C-48F032E3FDF8}.Debug|x86.Build.0 = Debug|Any CPU
		{D271657C-2044-4D0B-8D7C-48F032E3FDF8}.Release|Any CPU.ActiveCfg = Release|Any CPU
		{D271657C-2044-4D0B-8D7C-48F032E3FDF8}.Release|Any CPU.Build.0 = Release|Any CPU
		{D271657C-2044-4D0B-8D7C-48F032E3FDF8}.Release|x64.ActiveCfg = Release|Any CPU
		{D271657C-2044-4D0B-8D7C-48F032E3FDF8}.Release|x64.Build.0 = Release|Any CPU
		{D271657C-2044-4D0B-8D7C-48F032E3FDF8}.Release|x86.ActiveCfg = Release|Any CPU
		{D271657C-2044-4D0B-8D7C-48F032E3FDF8}.Release|x86.Build.0 = Release|Any CPU
		{B9654D95-6759-47A5-92F2-FC79A089C890}.Debug|Any CPU.ActiveCfg = Debug|Any CPU
		{B9654D95-6759-47A5-92F2-FC79A089C890}.Debug|Any CPU.Build.0 = Debug|Any CPU
		{B9654D95-6759-47A5-92F2-FC79A089C890}.Debug|x64.ActiveCfg = Debug|Any CPU
		{B9654D95-6759-47A5-92F2-FC79A089C890}.Debug|x64.Build.0 = Debug|Any CPU
		{B9654D95-6759-47A5-92F2-FC79A089C890}.Debug|x86.ActiveCfg = Debug|Any CPU
		{B9654D95-6759-47A5-92F2-FC79A089C890}.Debug|x86.Build.0 = Debug|Any CPU
		{B9654D95-6759-47A5-92F2-FC79A089C890}.Release|Any CPU.ActiveCfg = Release|Any CPU
		{B9654D95-6759-47A5-92F2-FC79A089C890}.Release|Any CPU.Build.0 = Release|Any CPU
		{B9654D95-6759-47A5-92F2-FC79A089C890}.Release|x64.ActiveCfg = Release|Any CPU
		{B9654D95-6759-47A5-92F2-FC79A089C890}.Release|x64.Build.0 = Release|Any CPU
		{B9654D95-6759-47A5-92F2-FC79A089C890}.Release|x86.ActiveCfg = Release|Any CPU
		{B9654D95-6759-47A5-92F2-FC79A089C890}.Release|x86.Build.0 = Release|Any CPU
		{8619B134-5650-4077-BFB5-F7C07F6B7DAD}.Debug|Any CPU.ActiveCfg = Debug|Any CPU
		{8619B134-5650-4077-BFB5-F7C07F6B7DAD}.Debug|Any CPU.Build.0 = Debug|Any CPU
		{8619B134-5650-4077-BFB5-F7C07F6B7DAD}.Debug|x64.ActiveCfg = Debug|Any CPU
		{8619B134-5650-4077-BFB5-F7C07F6B7DAD}.Debug|x64.Build.0 = Debug|Any CPU
		{8619B134-5650-4077-BFB5-F7C07F6B7DAD}.Debug|x86.ActiveCfg = Debug|Any CPU
		{8619B134-5650-4077-BFB5-F7C07F6B7DAD}.Debug|x86.Build.0 = Debug|Any CPU
		{8619B134-5650-4077-BFB5-F7C07F6B7DAD}.Release|Any CPU.ActiveCfg = Release|Any CPU
		{8619B134-5650-4077-BFB5-F7C07F6B7DAD}.Release|Any CPU.Build.0 = Release|Any CPU
		{8619B134-5650-4077-BFB5-F7C07F6B7DAD}.Release|x64.ActiveCfg = Release|Any CPU
		{8619B134-5650-4077-BFB5-F7C07F6B7DAD}.Release|x64.Build.0 = Release|Any CPU
		{8619B134-5650-4077-BFB5-F7C07F6B7DAD}.Release|x86.ActiveCfg = Release|Any CPU
		{8619B134-5650-4077-BFB5-F7C07F6B7DAD}.Release|x86.Build.0 = Release|Any CPU
		{916CFEAB-0C68-4840-AA26-E86EC3BC6CED}.Debug|Any CPU.ActiveCfg = Debug|Any CPU
		{916CFEAB-0C68-4840-AA26-E86EC3BC6CED}.Debug|Any CPU.Build.0 = Debug|Any CPU
		{916CFEAB-0C68-4840-AA26-E86EC3BC6CED}.Debug|x64.ActiveCfg = Debug|Any CPU
		{916CFEAB-0C68-4840-AA26-E86EC3BC6CED}.Debug|x64.Build.0 = Debug|Any CPU
		{916CFEAB-0C68-4840-AA26-E86EC3BC6CED}.Debug|x86.ActiveCfg = Debug|Any CPU
		{916CFEAB-0C68-4840-AA26-E86EC3BC6CED}.Debug|x86.Build.0 = Debug|Any CPU
		{916CFEAB-0C68-4840-AA26-E86EC3BC6CED}.Release|Any CPU.ActiveCfg = Release|Any CPU
		{916CFEAB-0C68-4840-AA26-E86EC3BC6CED}.Release|Any CPU.Build.0 = Release|Any CPU
		{916CFEAB-0C68-4840-AA26-E86EC3BC6CED}.Release|x64.ActiveCfg = Release|Any CPU
		{916CFEAB-0C68-4840-AA26-E86EC3BC6CED}.Release|x64.Build.0 = Release|Any CPU
		{916CFEAB-0C68-4840-AA26-E86EC3BC6CED}.Release|x86.ActiveCfg = Release|Any CPU
		{916CFEAB-0C68-4840-AA26-E86EC3BC6CED}.Release|x86.Build.0 = Release|Any CPU
	EndGlobalSection
	GlobalSection(NestedProjects) = preSolution
		{916CFEAB-0C68-4840-AA26-E86EC3BC6CED} = {6116ED4F-C9BD-4A5A-94CC-37CFA701984B}
		{8619B134-5650-4077-BFB5-F7C07F6B7DAD} = {6116ED4F-C9BD-4A5A-94CC-37CFA701984B}
		{B9654D95-6759-47A5-92F2-FC79A089C890} = {6116ED4F-C9BD-4A5A-94CC-37CFA701984B}
		{B3C2F484-B2E7-4BBE-94C5-1FEE9FE2A8FA} = {19B533D7-D46D-4D09-A765-8BB57B1AE745}
		{ABA7B049-CA0A-4A96-AB76-4B622A2558F1} = {19B533D7-D46D-4D09-A765-8BB57B1AE745}
		{EF7385DE-4784-4675-A7B4-E145BEE0192A} = {19B533D7-D46D-4D09-A765-8BB57B1AE745}
	EndGlobalSection
EndGlobal
