
Microsoft Visual Studio Solution File, Format Version 12.00
# Visual Studio Version 17
VisualStudioVersion = 17.0.31903.59
MinimumVisualStudioVersion = 10.0.40219.1
Project("{2150E333-8FDC-42A3-9474-1A3956D46DE8}") = "FirstTutorial", "FirstTutorial", "{E799AC93-9C99-4EF0-8A62-7D17C389EC31}"
EndProject
Project("{FAE04EC0-301F-11D3-BF4B-00C04F79EFBC}") = "FirstTutorial", "FirstTutorial\FirstTutorial.csproj", "{38FB5FCA-E46A-4490-9BF7-AA4A23E42BE6}"
EndProject
Global
	GlobalSection(SolutionConfigurationPlatforms) = preSolution
		Debug|Any CPU = Debug|Any CPU
		Release|Any CPU = Release|Any CPU
	EndGlobalSection
	GlobalSection(SolutionProperties) = preSolution
		HideSolutionNode = FALSE
	EndGlobalSection
	GlobalSection(ProjectConfigurationPlatforms) = postSolution
		{38FB5FCA-E46A-4490-9BF7-AA4A23E42BE6}.Debug|Any CPU.ActiveCfg = Debug|Any CPU
		{38FB5FCA-E46A-4490-9BF7-AA4A23E42BE6}.Debug|Any CPU.Build.0 = Debug|Any CPU
		{38FB5FCA-E46A-4490-9BF7-AA4A23E42BE6}.Release|Any CPU.ActiveCfg = Release|Any CPU
		{38FB5FCA-E46A-4490-9BF7-AA4A23E42BE6}.Release|Any CPU.Build.0 = Release|Any CPU
	EndGlobalSection
EndGlobal
