
Microsoft Visual Studio Solution File, Format Version 12.00
# Visual Studio Version 17
VisualStudioVersion = 17.0.31903.59
MinimumVisualStudioVersion = 10.0.40219.1
Project("{FAE04EC0-301F-11D3-BF4B-00C04F79EFBC}") = "A_Before SRP", "A_Before SRP\A_Before SRP.csproj", "{83A8C447-B9CB-4D79-A55D-4F3881F9E258}"
EndProject
Project("{FAE04EC0-301F-11D3-BF4B-00C04F79EFBC}") = "A_After SRP", "A_After SRP\A_After SRP.csproj", "{28D8EB03-328E-44EB-8CEF-A2DEF225BC47}"
EndProject
Project("{FAE04EC0-301F-11D3-BF4B-00C04F79EFBC}") = "B_Before OCP", "B_Before OCP\B_Before OCP.csproj", "{52AC8B3A-6DDC-4EE5-A455-58AD37E27C44}"
EndProject
Project("{FAE04EC0-301F-11D3-BF4B-00C04F79EFBC}") = "B_After OCP", "B_After OCP\B_After OCP.csproj", "{05AF7835-353A-4A79-B1B4-25C597C29A81}"
EndProject
Project("{FAE04EC0-301F-11D3-BF4B-00C04F79EFBC}") = "C_Before LSP", "C_Before LSP\C_Before LSP.csproj", "{2B725147-586C-4DE8-9FBE-0DF13210E1DF}"
EndProject
Project("{FAE04EC0-301F-11D3-BF4B-00C04F79EFBC}") = "C_After LSP", "C_After LSP\C_After LSP.csproj", "{685F42A6-71DF-4CD1-8712-6E207481CFE5}"
EndProject
Project("{FAE04EC0-301F-11D3-BF4B-00C04F79EFBC}") = "E_Before ISP", "E_Before ISP\E_Before ISP.csproj", "{1655AD78-428A-4F22-A8D5-5B17F92A565F}"
EndProject
Project("{FAE04EC0-301F-11D3-BF4B-00C04F79EFBC}") = "E_After ISP", "E_After ISP\E_After ISP.csproj", "{B3929A5D-BDEB-4A68-9D01-30242D35AADB}"
EndProject
Project("{2150E333-8FDC-42A3-9474-1A3956D46DE8}") = "ISP", "ISP", "{B9B6A8C2-8D5F-43B7-B607-1A208EEA3BED}"
EndProject
Project("{2150E333-8FDC-42A3-9474-1A3956D46DE8}") = "LSP", "LSP", "{3DCF2920-2662-4FC6-921A-75397F22E43B}"
EndProject
Project("{2150E333-8FDC-42A3-9474-1A3956D46DE8}") = "SRP", "SRP", "{7913A8A7-43C8-42E5-B667-442C84D55A1C}"
EndProject
Project("{2150E333-8FDC-42A3-9474-1A3956D46DE8}") = "OCP", "OCP", "{7F92FF1D-56FC-4E38-B02B-55A14E52CBFF}"
EndProject
Project("{2150E333-8FDC-42A3-9474-1A3956D46DE8}") = "SOLID", "SOLID", "{BF50EEA0-FC58-422E-A42B-8E3EAA32FDBA}"
EndProject
Project("{FAE04EC0-301F-11D3-BF4B-00C04F79EFBC}") = "ExtensionMethod", "ExtensionMethod\ExtensionMethod.csproj", "{49658FC8-438C-4077-ADB2-59231C20E7A2}"
EndProject
Project("{FAE04EC0-301F-11D3-BF4B-00C04F79EFBC}") = "D_Before LSP", "D_Before LSP\D_Before LSP.csproj", "{2FF927DE-C392-4201-B9B9-99CCCEACAAA3}"
EndProject
Project("{FAE04EC0-301F-11D3-BF4B-00C04F79EFBC}") = "D_After LSP", "D_After LSP\D_After LSP.csproj", "{CBEA6F61-B5A0-4C70-BE0D-D6B8414A7388}"
EndProject
Project("{FAE04EC0-301F-11D3-BF4B-00C04F79EFBC}") = "F_BeforeDIP", "F_BeforeDIP\F_BeforeDIP.csproj", "{BC2CD1C8-F7D1-49EF-9D71-AA6CC6B1D58B}"
EndProject
Project("{FAE04EC0-301F-11D3-BF4B-00C04F79EFBC}") = "F_After DIP", "F_After DIP\F_After DIP.csproj", "{5D6B326F-4263-4DF4-9372-AE9D59463DBE}"
EndProject
Project("{2150E333-8FDC-42A3-9474-1A3956D46DE8}") = "DIP", "DIP", "{8B9D62DE-D56A-4879-86DC-A6CB367CE0D3}"
EndProject
Project("{FAE04EC0-301F-11D3-BF4B-00C04F79EFBC}") = "I_BeforeKISS", "I_BeforeKISS\I_BeforeKISS.csproj", "{516F6DF7-CBE7-4492-BA3F-0CA03AC68EEF}"
EndProject
Project("{FAE04EC0-301F-11D3-BF4B-00C04F79EFBC}") = "I_After KISS", "I_After KISS\I_After KISS.csproj", "{F4807F9F-43CE-4CF4-B988-383985C3C69C}"
EndProject
Project("{2150E333-8FDC-42A3-9474-1A3956D46DE8}") = "KISS", "KISS", "{1D452725-E194-4799-90CF-209027B064F8}"
EndProject
Project("{FAE04EC0-301F-11D3-BF4B-00C04F79EFBC}") = "G_Before Tell Dont Ask", "G_Before Tell Dont Ask\G_Before Tell Dont Ask.csproj", "{E01B0019-B5AA-4CA1-A460-3C42395A5AC1}"
EndProject
Project("{FAE04EC0-301F-11D3-BF4B-00C04F79EFBC}") = "G_After TDA", "G_After TDA\G_After TDA.csproj", "{2A7FE0BA-8564-46C8-BF85-185AE1934319}"
EndProject
Project("{2150E333-8FDC-42A3-9474-1A3956D46DE8}") = "Tell Dont Ask", "Tell Dont Ask", "{26252884-7EDB-4784-842A-190D9D00EB72}"
EndProject
Global
	GlobalSection(SolutionConfigurationPlatforms) = preSolution
		Debug|Any CPU = Debug|Any CPU
		Release|Any CPU = Release|Any CPU
	EndGlobalSection
	GlobalSection(SolutionProperties) = preSolution
		HideSolutionNode = FALSE
	EndGlobalSection
	GlobalSection(ProjectConfigurationPlatforms) = postSolution
		{83A8C447-B9CB-4D79-A55D-4F3881F9E258}.Debug|Any CPU.ActiveCfg = Debug|Any CPU
		{83A8C447-B9CB-4D79-A55D-4F3881F9E258}.Debug|Any CPU.Build.0 = Debug|Any CPU
		{83A8C447-B9CB-4D79-A55D-4F3881F9E258}.Release|Any CPU.ActiveCfg = Release|Any CPU
		{83A8C447-B9CB-4D79-A55D-4F3881F9E258}.Release|Any CPU.Build.0 = Release|Any CPU
		{28D8EB03-328E-44EB-8CEF-A2DEF225BC47}.Debug|Any CPU.ActiveCfg = Debug|Any CPU
		{28D8EB03-328E-44EB-8CEF-A2DEF225BC47}.Debug|Any CPU.Build.0 = Debug|Any CPU
		{28D8EB03-328E-44EB-8CEF-A2DEF225BC47}.Release|Any CPU.ActiveCfg = Release|Any CPU
		{28D8EB03-328E-44EB-8CEF-A2DEF225BC47}.Release|Any CPU.Build.0 = Release|Any CPU
		{52AC8B3A-6DDC-4EE5-A455-58AD37E27C44}.Debug|Any CPU.ActiveCfg = Debug|Any CPU
		{52AC8B3A-6DDC-4EE5-A455-58AD37E27C44}.Debug|Any CPU.Build.0 = Debug|Any CPU
		{52AC8B3A-6DDC-4EE5-A455-58AD37E27C44}.Release|Any CPU.ActiveCfg = Release|Any CPU
		{52AC8B3A-6DDC-4EE5-A455-58AD37E27C44}.Release|Any CPU.Build.0 = Release|Any CPU
		{05AF7835-353A-4A79-B1B4-25C597C29A81}.Debug|Any CPU.ActiveCfg = Debug|Any CPU
		{05AF7835-353A-4A79-B1B4-25C597C29A81}.Debug|Any CPU.Build.0 = Debug|Any CPU
		{05AF7835-353A-4A79-B1B4-25C597C29A81}.Release|Any CPU.ActiveCfg = Release|Any CPU
		{05AF7835-353A-4A79-B1B4-25C597C29A81}.Release|Any CPU.Build.0 = Release|Any CPU
		{2B725147-586C-4DE8-9FBE-0DF13210E1DF}.Debug|Any CPU.ActiveCfg = Debug|Any CPU
		{2B725147-586C-4DE8-9FBE-0DF13210E1DF}.Debug|Any CPU.Build.0 = Debug|Any CPU
		{2B725147-586C-4DE8-9FBE-0DF13210E1DF}.Release|Any CPU.ActiveCfg = Release|Any CPU
		{2B725147-586C-4DE8-9FBE-0DF13210E1DF}.Release|Any CPU.Build.0 = Release|Any CPU
		{685F42A6-71DF-4CD1-8712-6E207481CFE5}.Debug|Any CPU.ActiveCfg = Debug|Any CPU
		{685F42A6-71DF-4CD1-8712-6E207481CFE5}.Debug|Any CPU.Build.0 = Debug|Any CPU
		{685F42A6-71DF-4CD1-8712-6E207481CFE5}.Release|Any CPU.ActiveCfg = Release|Any CPU
		{685F42A6-71DF-4CD1-8712-6E207481CFE5}.Release|Any CPU.Build.0 = Release|Any CPU
		{1655AD78-428A-4F22-A8D5-5B17F92A565F}.Debug|Any CPU.ActiveCfg = Debug|Any CPU
		{1655AD78-428A-4F22-A8D5-5B17F92A565F}.Debug|Any CPU.Build.0 = Debug|Any CPU
		{1655AD78-428A-4F22-A8D5-5B17F92A565F}.Release|Any CPU.ActiveCfg = Release|Any CPU
		{1655AD78-428A-4F22-A8D5-5B17F92A565F}.Release|Any CPU.Build.0 = Release|Any CPU
		{B3929A5D-BDEB-4A68-9D01-30242D35AADB}.Debug|Any CPU.ActiveCfg = Debug|Any CPU
		{B3929A5D-BDEB-4A68-9D01-30242D35AADB}.Debug|Any CPU.Build.0 = Debug|Any CPU
		{B3929A5D-BDEB-4A68-9D01-30242D35AADB}.Release|Any CPU.ActiveCfg = Release|Any CPU
		{B3929A5D-BDEB-4A68-9D01-30242D35AADB}.Release|Any CPU.Build.0 = Release|Any CPU
		{49658FC8-438C-4077-ADB2-59231C20E7A2}.Debug|Any CPU.ActiveCfg = Debug|Any CPU
		{49658FC8-438C-4077-ADB2-59231C20E7A2}.Debug|Any CPU.Build.0 = Debug|Any CPU
		{49658FC8-438C-4077-ADB2-59231C20E7A2}.Release|Any CPU.ActiveCfg = Release|Any CPU
		{49658FC8-438C-4077-ADB2-59231C20E7A2}.Release|Any CPU.Build.0 = Release|Any CPU
		{2FF927DE-C392-4201-B9B9-99CCCEACAAA3}.Debug|Any CPU.ActiveCfg = Debug|Any CPU
		{2FF927DE-C392-4201-B9B9-99CCCEACAAA3}.Debug|Any CPU.Build.0 = Debug|Any CPU
		{2FF927DE-C392-4201-B9B9-99CCCEACAAA3}.Release|Any CPU.ActiveCfg = Release|Any CPU
		{2FF927DE-C392-4201-B9B9-99CCCEACAAA3}.Release|Any CPU.Build.0 = Release|Any CPU
		{CBEA6F61-B5A0-4C70-BE0D-D6B8414A7388}.Debug|Any CPU.ActiveCfg = Debug|Any CPU
		{CBEA6F61-B5A0-4C70-BE0D-D6B8414A7388}.Debug|Any CPU.Build.0 = Debug|Any CPU
		{CBEA6F61-B5A0-4C70-BE0D-D6B8414A7388}.Release|Any CPU.ActiveCfg = Release|Any CPU
		{CBEA6F61-B5A0-4C70-BE0D-D6B8414A7388}.Release|Any CPU.Build.0 = Release|Any CPU
		{BC2CD1C8-F7D1-49EF-9D71-AA6CC6B1D58B}.Debug|Any CPU.ActiveCfg = Debug|Any CPU
		{BC2CD1C8-F7D1-49EF-9D71-AA6CC6B1D58B}.Debug|Any CPU.Build.0 = Debug|Any CPU
		{BC2CD1C8-F7D1-49EF-9D71-AA6CC6B1D58B}.Release|Any CPU.ActiveCfg = Release|Any CPU
		{BC2CD1C8-F7D1-49EF-9D71-AA6CC6B1D58B}.Release|Any CPU.Build.0 = Release|Any CPU
		{5D6B326F-4263-4DF4-9372-AE9D59463DBE}.Debug|Any CPU.ActiveCfg = Debug|Any CPU
		{5D6B326F-4263-4DF4-9372-AE9D59463DBE}.Debug|Any CPU.Build.0 = Debug|Any CPU
		{5D6B326F-4263-4DF4-9372-AE9D59463DBE}.Release|Any CPU.ActiveCfg = Release|Any CPU
		{5D6B326F-4263-4DF4-9372-AE9D59463DBE}.Release|Any CPU.Build.0 = Release|Any CPU
		{516F6DF7-CBE7-4492-BA3F-0CA03AC68EEF}.Debug|Any CPU.ActiveCfg = Debug|Any CPU
		{516F6DF7-CBE7-4492-BA3F-0CA03AC68EEF}.Debug|Any CPU.Build.0 = Debug|Any CPU
		{516F6DF7-CBE7-4492-BA3F-0CA03AC68EEF}.Release|Any CPU.ActiveCfg = Release|Any CPU
		{516F6DF7-CBE7-4492-BA3F-0CA03AC68EEF}.Release|Any CPU.Build.0 = Release|Any CPU
		{F4807F9F-43CE-4CF4-B988-383985C3C69C}.Debug|Any CPU.ActiveCfg = Debug|Any CPU
		{F4807F9F-43CE-4CF4-B988-383985C3C69C}.Debug|Any CPU.Build.0 = Debug|Any CPU
		{F4807F9F-43CE-4CF4-B988-383985C3C69C}.Release|Any CPU.ActiveCfg = Release|Any CPU
		{F4807F9F-43CE-4CF4-B988-383985C3C69C}.Release|Any CPU.Build.0 = Release|Any CPU
		{E01B0019-B5AA-4CA1-A460-3C42395A5AC1}.Debug|Any CPU.ActiveCfg = Debug|Any CPU
		{E01B0019-B5AA-4CA1-A460-3C42395A5AC1}.Debug|Any CPU.Build.0 = Debug|Any CPU
		{E01B0019-B5AA-4CA1-A460-3C42395A5AC1}.Release|Any CPU.ActiveCfg = Release|Any CPU
		{E01B0019-B5AA-4CA1-A460-3C42395A5AC1}.Release|Any CPU.Build.0 = Release|Any CPU
		{2A7FE0BA-8564-46C8-BF85-185AE1934319}.Debug|Any CPU.ActiveCfg = Debug|Any CPU
		{2A7FE0BA-8564-46C8-BF85-185AE1934319}.Debug|Any CPU.Build.0 = Debug|Any CPU
		{2A7FE0BA-8564-46C8-BF85-185AE1934319}.Release|Any CPU.ActiveCfg = Release|Any CPU
		{2A7FE0BA-8564-46C8-BF85-185AE1934319}.Release|Any CPU.Build.0 = Release|Any CPU
	EndGlobalSection
	GlobalSection(NestedProjects) = preSolution
		{E01B0019-B5AA-4CA1-A460-3C42395A5AC1} = {26252884-7EDB-4784-842A-190D9D00EB72}
		{2A7FE0BA-8564-46C8-BF85-185AE1934319} = {26252884-7EDB-4784-842A-190D9D00EB72}
		{F4807F9F-43CE-4CF4-B988-383985C3C69C} = {1D452725-E194-4799-90CF-209027B064F8}
		{516F6DF7-CBE7-4492-BA3F-0CA03AC68EEF} = {1D452725-E194-4799-90CF-209027B064F8}
		{BC2CD1C8-F7D1-49EF-9D71-AA6CC6B1D58B} = {8B9D62DE-D56A-4879-86DC-A6CB367CE0D3}
		{5D6B326F-4263-4DF4-9372-AE9D59463DBE} = {8B9D62DE-D56A-4879-86DC-A6CB367CE0D3}
		{8B9D62DE-D56A-4879-86DC-A6CB367CE0D3} = {BF50EEA0-FC58-422E-A42B-8E3EAA32FDBA}
		{2FF927DE-C392-4201-B9B9-99CCCEACAAA3} = {3DCF2920-2662-4FC6-921A-75397F22E43B}
		{CBEA6F61-B5A0-4C70-BE0D-D6B8414A7388} = {3DCF2920-2662-4FC6-921A-75397F22E43B}
		{49658FC8-438C-4077-ADB2-59231C20E7A2} = {7F92FF1D-56FC-4E38-B02B-55A14E52CBFF}
		{B9B6A8C2-8D5F-43B7-B607-1A208EEA3BED} = {BF50EEA0-FC58-422E-A42B-8E3EAA32FDBA}
		{3DCF2920-2662-4FC6-921A-75397F22E43B} = {BF50EEA0-FC58-422E-A42B-8E3EAA32FDBA}
		{7F92FF1D-56FC-4E38-B02B-55A14E52CBFF} = {BF50EEA0-FC58-422E-A42B-8E3EAA32FDBA}
		{7913A8A7-43C8-42E5-B667-442C84D55A1C} = {BF50EEA0-FC58-422E-A42B-8E3EAA32FDBA}
		{52AC8B3A-6DDC-4EE5-A455-58AD37E27C44} = {7F92FF1D-56FC-4E38-B02B-55A14E52CBFF}
		{05AF7835-353A-4A79-B1B4-25C597C29A81} = {7F92FF1D-56FC-4E38-B02B-55A14E52CBFF}
		{28D8EB03-328E-44EB-8CEF-A2DEF225BC47} = {7913A8A7-43C8-42E5-B667-442C84D55A1C}
		{83A8C447-B9CB-4D79-A55D-4F3881F9E258} = {7913A8A7-43C8-42E5-B667-442C84D55A1C}
		{2B725147-586C-4DE8-9FBE-0DF13210E1DF} = {3DCF2920-2662-4FC6-921A-75397F22E43B}
		{685F42A6-71DF-4CD1-8712-6E207481CFE5} = {3DCF2920-2662-4FC6-921A-75397F22E43B}
		{1655AD78-428A-4F22-A8D5-5B17F92A565F} = {B9B6A8C2-8D5F-43B7-B607-1A208EEA3BED}
		{B3929A5D-BDEB-4A68-9D01-30242D35AADB} = {B9B6A8C2-8D5F-43B7-B607-1A208EEA3BED}
	EndGlobalSection
EndGlobal
