
Microsoft Visual Studio Solution File, Format Version 12.00
# Visual Studio Version 17
VisualStudioVersion = 17.0.31903.59
MinimumVisualStudioVersion = 10.0.40219.1
Project("{FAE04EC0-301F-11D3-BF4B-00C04F79EFBC}") = "TryandCatch", "TryandCatch\TryandCatch.csproj", "{5D7B1A19-C425-4597-B495-D68D4E71A897}"
EndProject
Project("{FAE04EC0-301F-11D3-BF4B-00C04F79EFBC}") = "TryandCatch_Multiple", "TryandCatch_Multiple\TryandCatch_Multiple.csproj", "{905DE20D-60E5-45CF-A79B-FA14B26378F8}"
EndProject
Project("{FAE04EC0-301F-11D3-BF4B-00C04F79EFBC}") = "OperatorOverloading", "OperatorOverloading\OperatorOverloading.csproj", "{CA35FF0E-33CD-444B-9D32-383D1C272126}"
EndProject
Project("{FAE04EC0-301F-11D3-BF4B-00C04F79EFBC}") = "OperatorOverload2", "OperatorOverload2\OperatorOverload2.csproj", "{28F74898-5D41-40C0-BCBA-1E92FB1BEE55}"
EndProject
Project("{FAE04EC0-301F-11D3-BF4B-00C04F79EFBC}") = "OperatorOverload3", "OperatorOverload3\OperatorOverload3.csproj", "{A8D43C61-D291-4202-B41B-199F605B64D1}"
EndProject
Project("{FAE04EC0-301F-11D3-BF4B-00C04F79EFBC}") = "Enum", "Enum\Enum.csproj", "{705B6F94-DA10-42D9-B276-21605C0E4FDB}"
EndProject
Project("{FAE04EC0-301F-11D3-BF4B-00C04F79EFBC}") = "Enum2", "Enum2\Enum2.csproj", "{6D4671E8-118C-416E-95C3-CB8C4ABB2AA7}"
EndProject
Project("{FAE04EC0-301F-11D3-BF4B-00C04F79EFBC}") = "Enumerable", "Enumerable\Enumerable.csproj", "{79DB5716-2EC2-4A69-8670-F67AEEBD075F}"
EndProject
Project("{FAE04EC0-301F-11D3-BF4B-00C04F79EFBC}") = "Enumerator", "Enumerator\Enumerator.csproj", "{FDE0BE9E-9C24-4CBB-8F7E-0010B304C40D}"
EndProject
Project("{FAE04EC0-301F-11D3-BF4B-00C04F79EFBC}") = "Enumerator0", "Enumerator0\Enumerator0.csproj", "{8636E7CC-D78C-4F2C-840A-F46EC1881496}"
EndProject
Project("{FAE04EC0-301F-11D3-BF4B-00C04F79EFBC}") = "Iterator", "Iterator\Iterator.csproj", "{7A408F0E-2593-4D8A-92CF-34AE25C630BE}"
EndProject
Project("{FAE04EC0-301F-11D3-BF4B-00C04F79EFBC}") = "Nullable", "Nullable\Nullable.csproj", "{002848C3-F4F3-4DC6-8544-84A90023DB87}"
EndProject
Project("{FAE04EC0-301F-11D3-BF4B-00C04F79EFBC}") = "TryCatchFinally", "TryCatchFinally\TryCatchFinally.csproj", "{0DA5ED94-489C-4385-BEFA-412AEE455E26}"
EndProject
Project("{FAE04EC0-301F-11D3-BF4B-00C04F79EFBC}") = "NTryCatch", "NTryCatch\NTryCatch.csproj", "{BC62F089-987B-4624-A706-3E504104B7A9}"
EndProject
Project("{FAE04EC0-301F-11D3-BF4B-00C04F79EFBC}") = "00OperatorOver", "00OperatorOver\00OperatorOver.csproj", "{03B989AC-F472-4701-8F66-91466FC40A61}"
EndProject
Project("{FAE04EC0-301F-11D3-BF4B-00C04F79EFBC}") = "EnumFor", "EnumFor\EnumFor.csproj", "{7E0501D8-03CB-4EBE-9816-FC9511CC9DEC}"
EndProject
Global
	GlobalSection(SolutionConfigurationPlatforms) = preSolution
		Debug|Any CPU = Debug|Any CPU
		Release|Any CPU = Release|Any CPU
	EndGlobalSection
	GlobalSection(SolutionProperties) = preSolution
		HideSolutionNode = FALSE
	EndGlobalSection
	GlobalSection(ProjectConfigurationPlatforms) = postSolution
		{5D7B1A19-C425-4597-B495-D68D4E71A897}.Debug|Any CPU.ActiveCfg = Debug|Any CPU
		{5D7B1A19-C425-4597-B495-D68D4E71A897}.Debug|Any CPU.Build.0 = Debug|Any CPU
		{5D7B1A19-C425-4597-B495-D68D4E71A897}.Release|Any CPU.ActiveCfg = Release|Any CPU
		{5D7B1A19-C425-4597-B495-D68D4E71A897}.Release|Any CPU.Build.0 = Release|Any CPU
		{905DE20D-60E5-45CF-A79B-FA14B26378F8}.Debug|Any CPU.ActiveCfg = Debug|Any CPU
		{905DE20D-60E5-45CF-A79B-FA14B26378F8}.Debug|Any CPU.Build.0 = Debug|Any CPU
		{905DE20D-60E5-45CF-A79B-FA14B26378F8}.Release|Any CPU.ActiveCfg = Release|Any CPU
		{905DE20D-60E5-45CF-A79B-FA14B26378F8}.Release|Any CPU.Build.0 = Release|Any CPU
		{CA35FF0E-33CD-444B-9D32-383D1C272126}.Debug|Any CPU.ActiveCfg = Debug|Any CPU
		{CA35FF0E-33CD-444B-9D32-383D1C272126}.Debug|Any CPU.Build.0 = Debug|Any CPU
		{CA35FF0E-33CD-444B-9D32-383D1C272126}.Release|Any CPU.ActiveCfg = Release|Any CPU
		{CA35FF0E-33CD-444B-9D32-383D1C272126}.Release|Any CPU.Build.0 = Release|Any CPU
		{28F74898-5D41-40C0-BCBA-1E92FB1BEE55}.Debug|Any CPU.ActiveCfg = Debug|Any CPU
		{28F74898-5D41-40C0-BCBA-1E92FB1BEE55}.Debug|Any CPU.Build.0 = Debug|Any CPU
		{28F74898-5D41-40C0-BCBA-1E92FB1BEE55}.Release|Any CPU.ActiveCfg = Release|Any CPU
		{28F74898-5D41-40C0-BCBA-1E92FB1BEE55}.Release|Any CPU.Build.0 = Release|Any CPU
		{A8D43C61-D291-4202-B41B-199F605B64D1}.Debug|Any CPU.ActiveCfg = Debug|Any CPU
		{A8D43C61-D291-4202-B41B-199F605B64D1}.Debug|Any CPU.Build.0 = Debug|Any CPU
		{A8D43C61-D291-4202-B41B-199F605B64D1}.Release|Any CPU.ActiveCfg = Release|Any CPU
		{A8D43C61-D291-4202-B41B-199F605B64D1}.Release|Any CPU.Build.0 = Release|Any CPU
		{705B6F94-DA10-42D9-B276-21605C0E4FDB}.Debug|Any CPU.ActiveCfg = Debug|Any CPU
		{705B6F94-DA10-42D9-B276-21605C0E4FDB}.Debug|Any CPU.Build.0 = Debug|Any CPU
		{705B6F94-DA10-42D9-B276-21605C0E4FDB}.Release|Any CPU.ActiveCfg = Release|Any CPU
		{705B6F94-DA10-42D9-B276-21605C0E4FDB}.Release|Any CPU.Build.0 = Release|Any CPU
		{6D4671E8-118C-416E-95C3-CB8C4ABB2AA7}.Debug|Any CPU.ActiveCfg = Debug|Any CPU
		{6D4671E8-118C-416E-95C3-CB8C4ABB2AA7}.Debug|Any CPU.Build.0 = Debug|Any CPU
		{6D4671E8-118C-416E-95C3-CB8C4ABB2AA7}.Release|Any CPU.ActiveCfg = Release|Any CPU
		{6D4671E8-118C-416E-95C3-CB8C4ABB2AA7}.Release|Any CPU.Build.0 = Release|Any CPU
		{79DB5716-2EC2-4A69-8670-F67AEEBD075F}.Debug|Any CPU.ActiveCfg = Debug|Any CPU
		{79DB5716-2EC2-4A69-8670-F67AEEBD075F}.Debug|Any CPU.Build.0 = Debug|Any CPU
		{79DB5716-2EC2-4A69-8670-F67AEEBD075F}.Release|Any CPU.ActiveCfg = Release|Any CPU
		{79DB5716-2EC2-4A69-8670-F67AEEBD075F}.Release|Any CPU.Build.0 = Release|Any CPU
		{FDE0BE9E-9C24-4CBB-8F7E-0010B304C40D}.Debug|Any CPU.ActiveCfg = Debug|Any CPU
		{FDE0BE9E-9C24-4CBB-8F7E-0010B304C40D}.Debug|Any CPU.Build.0 = Debug|Any CPU
		{FDE0BE9E-9C24-4CBB-8F7E-0010B304C40D}.Release|Any CPU.ActiveCfg = Release|Any CPU
		{FDE0BE9E-9C24-4CBB-8F7E-0010B304C40D}.Release|Any CPU.Build.0 = Release|Any CPU
		{8636E7CC-D78C-4F2C-840A-F46EC1881496}.Debug|Any CPU.ActiveCfg = Debug|Any CPU
		{8636E7CC-D78C-4F2C-840A-F46EC1881496}.Debug|Any CPU.Build.0 = Debug|Any CPU
		{8636E7CC-D78C-4F2C-840A-F46EC1881496}.Release|Any CPU.ActiveCfg = Release|Any CPU
		{8636E7CC-D78C-4F2C-840A-F46EC1881496}.Release|Any CPU.Build.0 = Release|Any CPU
		{7A408F0E-2593-4D8A-92CF-34AE25C630BE}.Debug|Any CPU.ActiveCfg = Debug|Any CPU
		{7A408F0E-2593-4D8A-92CF-34AE25C630BE}.Debug|Any CPU.Build.0 = Debug|Any CPU
		{7A408F0E-2593-4D8A-92CF-34AE25C630BE}.Release|Any CPU.ActiveCfg = Release|Any CPU
		{7A408F0E-2593-4D8A-92CF-34AE25C630BE}.Release|Any CPU.Build.0 = Release|Any CPU
		{002848C3-F4F3-4DC6-8544-84A90023DB87}.Debug|Any CPU.ActiveCfg = Debug|Any CPU
		{002848C3-F4F3-4DC6-8544-84A90023DB87}.Debug|Any CPU.Build.0 = Debug|Any CPU
		{002848C3-F4F3-4DC6-8544-84A90023DB87}.Release|Any CPU.ActiveCfg = Release|Any CPU
		{002848C3-F4F3-4DC6-8544-84A90023DB87}.Release|Any CPU.Build.0 = Release|Any CPU
		{0DA5ED94-489C-4385-BEFA-412AEE455E26}.Debug|Any CPU.ActiveCfg = Debug|Any CPU
		{0DA5ED94-489C-4385-BEFA-412AEE455E26}.Debug|Any CPU.Build.0 = Debug|Any CPU
		{0DA5ED94-489C-4385-BEFA-412AEE455E26}.Release|Any CPU.ActiveCfg = Release|Any CPU
		{0DA5ED94-489C-4385-BEFA-412AEE455E26}.Release|Any CPU.Build.0 = Release|Any CPU
		{BC62F089-987B-4624-A706-3E504104B7A9}.Debug|Any CPU.ActiveCfg = Debug|Any CPU
		{BC62F089-987B-4624-A706-3E504104B7A9}.Debug|Any CPU.Build.0 = Debug|Any CPU
		{BC62F089-987B-4624-A706-3E504104B7A9}.Release|Any CPU.ActiveCfg = Release|Any CPU
		{BC62F089-987B-4624-A706-3E504104B7A9}.Release|Any CPU.Build.0 = Release|Any CPU
		{03B989AC-F472-4701-8F66-91466FC40A61}.Debug|Any CPU.ActiveCfg = Debug|Any CPU
		{03B989AC-F472-4701-8F66-91466FC40A61}.Debug|Any CPU.Build.0 = Debug|Any CPU
		{03B989AC-F472-4701-8F66-91466FC40A61}.Release|Any CPU.ActiveCfg = Release|Any CPU
		{03B989AC-F472-4701-8F66-91466FC40A61}.Release|Any CPU.Build.0 = Release|Any CPU
		{7E0501D8-03CB-4EBE-9816-FC9511CC9DEC}.Debug|Any CPU.ActiveCfg = Debug|Any CPU
		{7E0501D8-03CB-4EBE-9816-FC9511CC9DEC}.Debug|Any CPU.Build.0 = Debug|Any CPU
		{7E0501D8-03CB-4EBE-9816-FC9511CC9DEC}.Release|Any CPU.ActiveCfg = Release|Any CPU
		{7E0501D8-03CB-4EBE-9816-FC9511CC9DEC}.Release|Any CPU.Build.0 = Release|Any CPU
	EndGlobalSection
EndGlobal
