
Microsoft Visual Studio Solution File, Format Version 12.00
# Visual Studio Version 17
VisualStudioVersion = 17.0.31903.59
MinimumVisualStudioVersion = 10.0.40219.1
Project("{FAE04EC0-301F-11D3-BF4B-00C04F79EFBC}") = "Practice1", "Practice1\Practice1.csproj", "{9A279869-38C3-463B-97DD-E84C6CDBE713}"
EndProject
Project("{FAE04EC0-301F-11D3-BF4B-00C04F79EFBC}") = "DataType", "DataType\DataType.csproj", "{1063DEDE-147E-45B0-B39D-FED53D0D0ABD}"
EndProject
Global
	GlobalSection(SolutionConfigurationPlatforms) = preSolution
		Debug|Any CPU = Debug|Any CPU
		Release|Any CPU = Release|Any CPU
	EndGlobalSection
	GlobalSection(SolutionProperties) = preSolution
		HideSolutionNode = FALSE
	EndGlobalSection
	GlobalSection(ProjectConfigurationPlatforms) = postSolution
		{9A279869-38C3-463B-97DD-E84C6CDBE713}.Debug|Any CPU.ActiveCfg = Debug|Any CPU
		{9A279869-38C3-463B-97DD-E84C6CDBE713}.Debug|Any CPU.Build.0 = Debug|Any CPU
		{9A279869-38C3-463B-97DD-E84C6CDBE713}.Release|Any CPU.ActiveCfg = Release|Any CPU
		{9A279869-38C3-463B-97DD-E84C6CDBE713}.Release|Any CPU.Build.0 = Release|Any CPU
		{1063DEDE-147E-45B0-B39D-FED53D0D0ABD}.Debug|Any CPU.ActiveCfg = Debug|Any CPU
		{1063DEDE-147E-45B0-B39D-FED53D0D0ABD}.Debug|Any CPU.Build.0 = Debug|Any CPU
		{1063DEDE-147E-45B0-B39D-FED53D0D0ABD}.Release|Any CPU.ActiveCfg = Release|Any CPU
		{1063DEDE-147E-45B0-B39D-FED53D0D0ABD}.Release|Any CPU.Build.0 = Release|Any CPU
	EndGlobalSection
EndGlobal
