
Microsoft Visual Studio Solution File, Format Version 12.00
# Visual Studio Version 17
VisualStudioVersion = 17.0.31903.59
MinimumVisualStudioVersion = 10.0.40219.1
Project("{FAE04EC0-301F-11D3-BF4B-00C04F79EFBC}") = "00Array", "00Array\00Array.csproj", "{52A33510-BA3E-44F5-83AE-346208E83BA1}"
EndProject
Project("{FAE04EC0-301F-11D3-BF4B-00C04F79EFBC}") = "ArrayListvsList", "ArrayListvsList\ArrayListvsList.csproj", "{1EEB82EF-4BBE-4C7A-AE35-C9341CDAE084}"
EndProject
Project("{FAE04EC0-301F-11D3-BF4B-00C04F79EFBC}") = "ArrayvsArrayList", "ArrayvsArrayList\ArrayvsArrayList.csproj", "{DD3D5306-97F5-4BE1-82C7-35FF8C86267B}"
EndProject
Project("{FAE04EC0-301F-11D3-BF4B-00C04F79EFBC}") = "00ArrayList", "00ArrayList\00ArrayList.csproj", "{829A3F49-6503-4794-BD09-AC117B1B3F1E}"
EndProject
Project("{FAE04EC0-301F-11D3-BF4B-00C04F79EFBC}") = "00ArrayList2", "00ArrayList2\00ArrayList2.csproj", "{9CF92E50-C5EF-40A8-AE5A-C2DB9D901295}"
EndProject
Project("{FAE04EC0-301F-11D3-BF4B-00C04F79EFBC}") = "00ArrayList3", "00ArrayList3\00ArrayList3.csproj", "{35F900F7-EBA0-4705-8D3F-2916AFB196C4}"
EndProject
Project("{FAE04EC0-301F-11D3-BF4B-00C04F79EFBC}") = "00HashTable", "00HashTable\00HashTable.csproj", "{92551DDC-48DE-434C-BF68-C787BFC73057}"
EndProject
Project("{FAE04EC0-301F-11D3-BF4B-00C04F79EFBC}") = "00Stack", "00Stack\00Stack.csproj", "{334EAD2D-D34A-4ABE-8A6C-0153BF6BE4D2}"
EndProject
Project("{FAE04EC0-301F-11D3-BF4B-00C04F79EFBC}") = "00ArrayListClone", "00ArrayListClone\00ArrayListClone.csproj", "{44598275-E079-4805-809C-3A7390CE0245}"
EndProject
Project("{FAE04EC0-301F-11D3-BF4B-00C04F79EFBC}") = "00Queue", "00Queue\00Queue.csproj", "{B6CA6F1B-EAF4-404D-A67C-F1A52223FBD1}"
EndProject
Project("{FAE04EC0-301F-11D3-BF4B-00C04F79EFBC}") = "00List", "00List\00List.csproj", "{E46FC229-B0E5-42E6-8E9F-ED16E137B1FF}"
EndProject
Project("{FAE04EC0-301F-11D3-BF4B-00C04F79EFBC}") = "00SortedList", "00SortedList\00SortedList.csproj", "{B32BBC91-70D4-4B66-8933-7A6E4ACB4B06}"
EndProject
Project("{FAE04EC0-301F-11D3-BF4B-00C04F79EFBC}") = "00SortedDictionary", "00SortedDictionary\00SortedDictionary.csproj", "{CB3EA40E-049A-4BBA-8941-567D69FFC6A0}"
EndProject
Project("{FAE04EC0-301F-11D3-BF4B-00C04F79EFBC}") = "00LinkedList", "00LinkedList\00LinkedList.csproj", "{FBCC851E-8D68-4343-92C4-A254D27B4B0A}"
EndProject
Project("{FAE04EC0-301F-11D3-BF4B-00C04F79EFBC}") = "00HashSet", "00HashSet\00HashSet.csproj", "{9B1CB763-F723-450C-83D2-235A0A682F71}"
EndProject
Project("{FAE04EC0-301F-11D3-BF4B-00C04F79EFBC}") = "00Dictionary", "00Dictionary\00Dictionary.csproj", "{7DFB18DE-CBC0-4A22-AF84-70246A67170E}"
EndProject
Project("{FAE04EC0-301F-11D3-BF4B-00C04F79EFBC}") = "Trial", "Trial\Trial.csproj", "{81E3AF8F-6D30-4BEA-9B5B-EEE523606D18}"
EndProject
Global
	GlobalSection(SolutionProperties) = preSolution
		HideSolutionNode = FALSE
	EndGlobalSection
	GlobalSection(SolutionConfigurationPlatforms) = preSolution
		Debug|Any CPU = Debug|Any CPU
		Debug|x64 = Debug|x64
		Debug|x86 = Debug|x86
		Release|Any CPU = Release|Any CPU
		Release|x64 = Release|x64
		Release|x86 = Release|x86
	EndGlobalSection
	GlobalSection(ProjectConfigurationPlatforms) = postSolution
		{52A33510-BA3E-44F5-83AE-346208E83BA1}.Debug|Any CPU.ActiveCfg = Debug|Any CPU
		{52A33510-BA3E-44F5-83AE-346208E83BA1}.Debug|Any CPU.Build.0 = Debug|Any CPU
		{52A33510-BA3E-44F5-83AE-346208E83BA1}.Debug|x64.ActiveCfg = Debug|Any CPU
		{52A33510-BA3E-44F5-83AE-346208E83BA1}.Debug|x64.Build.0 = Debug|Any CPU
		{52A33510-BA3E-44F5-83AE-346208E83BA1}.Debug|x86.ActiveCfg = Debug|Any CPU
		{52A33510-BA3E-44F5-83AE-346208E83BA1}.Debug|x86.Build.0 = Debug|Any CPU
		{52A33510-BA3E-44F5-83AE-346208E83BA1}.Release|Any CPU.ActiveCfg = Release|Any CPU
		{52A33510-BA3E-44F5-83AE-346208E83BA1}.Release|Any CPU.Build.0 = Release|Any CPU
		{52A33510-BA3E-44F5-83AE-346208E83BA1}.Release|x64.ActiveCfg = Release|Any CPU
		{52A33510-BA3E-44F5-83AE-346208E83BA1}.Release|x64.Build.0 = Release|Any CPU
		{52A33510-BA3E-44F5-83AE-346208E83BA1}.Release|x86.ActiveCfg = Release|Any CPU
		{52A33510-BA3E-44F5-83AE-346208E83BA1}.Release|x86.Build.0 = Release|Any CPU
		{1EEB82EF-4BBE-4C7A-AE35-C9341CDAE084}.Debug|Any CPU.ActiveCfg = Debug|Any CPU
		{1EEB82EF-4BBE-4C7A-AE35-C9341CDAE084}.Debug|Any CPU.Build.0 = Debug|Any CPU
		{1EEB82EF-4BBE-4C7A-AE35-C9341CDAE084}.Debug|x64.ActiveCfg = Debug|Any CPU
		{1EEB82EF-4BBE-4C7A-AE35-C9341CDAE084}.Debug|x64.Build.0 = Debug|Any CPU
		{1EEB82EF-4BBE-4C7A-AE35-C9341CDAE084}.Debug|x86.ActiveCfg = Debug|Any CPU
		{1EEB82EF-4BBE-4C7A-AE35-C9341CDAE084}.Debug|x86.Build.0 = Debug|Any CPU
		{1EEB82EF-4BBE-4C7A-AE35-C9341CDAE084}.Release|Any CPU.ActiveCfg = Release|Any CPU
		{1EEB82EF-4BBE-4C7A-AE35-C9341CDAE084}.Release|Any CPU.Build.0 = Release|Any CPU
		{1EEB82EF-4BBE-4C7A-AE35-C9341CDAE084}.Release|x64.ActiveCfg = Release|Any CPU
		{1EEB82EF-4BBE-4C7A-AE35-C9341CDAE084}.Release|x64.Build.0 = Release|Any CPU
		{1EEB82EF-4BBE-4C7A-AE35-C9341CDAE084}.Release|x86.ActiveCfg = Release|Any CPU
		{1EEB82EF-4BBE-4C7A-AE35-C9341CDAE084}.Release|x86.Build.0 = Release|Any CPU
		{DD3D5306-97F5-4BE1-82C7-35FF8C86267B}.Debug|Any CPU.ActiveCfg = Debug|Any CPU
		{DD3D5306-97F5-4BE1-82C7-35FF8C86267B}.Debug|Any CPU.Build.0 = Debug|Any CPU
		{DD3D5306-97F5-4BE1-82C7-35FF8C86267B}.Debug|x64.ActiveCfg = Debug|Any CPU
		{DD3D5306-97F5-4BE1-82C7-35FF8C86267B}.Debug|x64.Build.0 = Debug|Any CPU
		{DD3D5306-97F5-4BE1-82C7-35FF8C86267B}.Debug|x86.ActiveCfg = Debug|Any CPU
		{DD3D5306-97F5-4BE1-82C7-35FF8C86267B}.Debug|x86.Build.0 = Debug|Any CPU
		{DD3D5306-97F5-4BE1-82C7-35FF8C86267B}.Release|Any CPU.ActiveCfg = Release|Any CPU
		{DD3D5306-97F5-4BE1-82C7-35FF8C86267B}.Release|Any CPU.Build.0 = Release|Any CPU
		{DD3D5306-97F5-4BE1-82C7-35FF8C86267B}.Release|x64.ActiveCfg = Release|Any CPU
		{DD3D5306-97F5-4BE1-82C7-35FF8C86267B}.Release|x64.Build.0 = Release|Any CPU
		{DD3D5306-97F5-4BE1-82C7-35FF8C86267B}.Release|x86.ActiveCfg = Release|Any CPU
		{DD3D5306-97F5-4BE1-82C7-35FF8C86267B}.Release|x86.Build.0 = Release|Any CPU
		{829A3F49-6503-4794-BD09-AC117B1B3F1E}.Debug|Any CPU.ActiveCfg = Debug|Any CPU
		{829A3F49-6503-4794-BD09-AC117B1B3F1E}.Debug|Any CPU.Build.0 = Debug|Any CPU
		{829A3F49-6503-4794-BD09-AC117B1B3F1E}.Debug|x64.ActiveCfg = Debug|Any CPU
		{829A3F49-6503-4794-BD09-AC117B1B3F1E}.Debug|x64.Build.0 = Debug|Any CPU
		{829A3F49-6503-4794-BD09-AC117B1B3F1E}.Debug|x86.ActiveCfg = Debug|Any CPU
		{829A3F49-6503-4794-BD09-AC117B1B3F1E}.Debug|x86.Build.0 = Debug|Any CPU
		{829A3F49-6503-4794-BD09-AC117B1B3F1E}.Release|Any CPU.ActiveCfg = Release|Any CPU
		{829A3F49-6503-4794-BD09-AC117B1B3F1E}.Release|Any CPU.Build.0 = Release|Any CPU
		{829A3F49-6503-4794-BD09-AC117B1B3F1E}.Release|x64.ActiveCfg = Release|Any CPU
		{829A3F49-6503-4794-BD09-AC117B1B3F1E}.Release|x64.Build.0 = Release|Any CPU
		{829A3F49-6503-4794-BD09-AC117B1B3F1E}.Release|x86.ActiveCfg = Release|Any CPU
		{829A3F49-6503-4794-BD09-AC117B1B3F1E}.Release|x86.Build.0 = Release|Any CPU
		{9CF92E50-C5EF-40A8-AE5A-C2DB9D901295}.Debug|Any CPU.ActiveCfg = Debug|Any CPU
		{9CF92E50-C5EF-40A8-AE5A-C2DB9D901295}.Debug|Any CPU.Build.0 = Debug|Any CPU
		{9CF92E50-C5EF-40A8-AE5A-C2DB9D901295}.Debug|x64.ActiveCfg = Debug|Any CPU
		{9CF92E50-C5EF-40A8-AE5A-C2DB9D901295}.Debug|x64.Build.0 = Debug|Any CPU
		{9CF92E50-C5EF-40A8-AE5A-C2DB9D901295}.Debug|x86.ActiveCfg = Debug|Any CPU
		{9CF92E50-C5EF-40A8-AE5A-C2DB9D901295}.Debug|x86.Build.0 = Debug|Any CPU
		{9CF92E50-C5EF-40A8-AE5A-C2DB9D901295}.Release|Any CPU.ActiveCfg = Release|Any CPU
		{9CF92E50-C5EF-40A8-AE5A-C2DB9D901295}.Release|Any CPU.Build.0 = Release|Any CPU
		{9CF92E50-C5EF-40A8-AE5A-C2DB9D901295}.Release|x64.ActiveCfg = Release|Any CPU
		{9CF92E50-C5EF-40A8-AE5A-C2DB9D901295}.Release|x64.Build.0 = Release|Any CPU
		{9CF92E50-C5EF-40A8-AE5A-C2DB9D901295}.Release|x86.ActiveCfg = Release|Any CPU
		{9CF92E50-C5EF-40A8-AE5A-C2DB9D901295}.Release|x86.Build.0 = Release|Any CPU
		{35F900F7-EBA0-4705-8D3F-2916AFB196C4}.Debug|Any CPU.ActiveCfg = Debug|Any CPU
		{35F900F7-EBA0-4705-8D3F-2916AFB196C4}.Debug|Any CPU.Build.0 = Debug|Any CPU
		{35F900F7-EBA0-4705-8D3F-2916AFB196C4}.Debug|x64.ActiveCfg = Debug|Any CPU
		{35F900F7-EBA0-4705-8D3F-2916AFB196C4}.Debug|x64.Build.0 = Debug|Any CPU
		{35F900F7-EBA0-4705-8D3F-2916AFB196C4}.Debug|x86.ActiveCfg = Debug|Any CPU
		{35F900F7-EBA0-4705-8D3F-2916AFB196C4}.Debug|x86.Build.0 = Debug|Any CPU
		{35F900F7-EBA0-4705-8D3F-2916AFB196C4}.Release|Any CPU.ActiveCfg = Release|Any CPU
		{35F900F7-EBA0-4705-8D3F-2916AFB196C4}.Release|Any CPU.Build.0 = Release|Any CPU
		{35F900F7-EBA0-4705-8D3F-2916AFB196C4}.Release|x64.ActiveCfg = Release|Any CPU
		{35F900F7-EBA0-4705-8D3F-2916AFB196C4}.Release|x64.Build.0 = Release|Any CPU
		{35F900F7-EBA0-4705-8D3F-2916AFB196C4}.Release|x86.ActiveCfg = Release|Any CPU
		{35F900F7-EBA0-4705-8D3F-2916AFB196C4}.Release|x86.Build.0 = Release|Any CPU
		{92551DDC-48DE-434C-BF68-C787BFC73057}.Debug|Any CPU.ActiveCfg = Debug|Any CPU
		{92551DDC-48DE-434C-BF68-C787BFC73057}.Debug|Any CPU.Build.0 = Debug|Any CPU
		{92551DDC-48DE-434C-BF68-C787BFC73057}.Debug|x64.ActiveCfg = Debug|Any CPU
		{92551DDC-48DE-434C-BF68-C787BFC73057}.Debug|x64.Build.0 = Debug|Any CPU
		{92551DDC-48DE-434C-BF68-C787BFC73057}.Debug|x86.ActiveCfg = Debug|Any CPU
		{92551DDC-48DE-434C-BF68-C787BFC73057}.Debug|x86.Build.0 = Debug|Any CPU
		{92551DDC-48DE-434C-BF68-C787BFC73057}.Release|Any CPU.ActiveCfg = Release|Any CPU
		{92551DDC-48DE-434C-BF68-C787BFC73057}.Release|Any CPU.Build.0 = Release|Any CPU
		{92551DDC-48DE-434C-BF68-C787BFC73057}.Release|x64.ActiveCfg = Release|Any CPU
		{92551DDC-48DE-434C-BF68-C787BFC73057}.Release|x64.Build.0 = Release|Any CPU
		{92551DDC-48DE-434C-BF68-C787BFC73057}.Release|x86.ActiveCfg = Release|Any CPU
		{92551DDC-48DE-434C-BF68-C787BFC73057}.Release|x86.Build.0 = Release|Any CPU
		{334EAD2D-D34A-4ABE-8A6C-0153BF6BE4D2}.Debug|Any CPU.ActiveCfg = Debug|Any CPU
		{334EAD2D-D34A-4ABE-8A6C-0153BF6BE4D2}.Debug|Any CPU.Build.0 = Debug|Any CPU
		{334EAD2D-D34A-4ABE-8A6C-0153BF6BE4D2}.Debug|x64.ActiveCfg = Debug|Any CPU
		{334EAD2D-D34A-4ABE-8A6C-0153BF6BE4D2}.Debug|x64.Build.0 = Debug|Any CPU
		{334EAD2D-D34A-4ABE-8A6C-0153BF6BE4D2}.Debug|x86.ActiveCfg = Debug|Any CPU
		{334EAD2D-D34A-4ABE-8A6C-0153BF6BE4D2}.Debug|x86.Build.0 = Debug|Any CPU
		{334EAD2D-D34A-4ABE-8A6C-0153BF6BE4D2}.Release|Any CPU.ActiveCfg = Release|Any CPU
		{334EAD2D-D34A-4ABE-8A6C-0153BF6BE4D2}.Release|Any CPU.Build.0 = Release|Any CPU
		{334EAD2D-D34A-4ABE-8A6C-0153BF6BE4D2}.Release|x64.ActiveCfg = Release|Any CPU
		{334EAD2D-D34A-4ABE-8A6C-0153BF6BE4D2}.Release|x64.Build.0 = Release|Any CPU
		{334EAD2D-D34A-4ABE-8A6C-0153BF6BE4D2}.Release|x86.ActiveCfg = Release|Any CPU
		{334EAD2D-D34A-4ABE-8A6C-0153BF6BE4D2}.Release|x86.Build.0 = Release|Any CPU
		{44598275-E079-4805-809C-3A7390CE0245}.Debug|Any CPU.ActiveCfg = Debug|Any CPU
		{44598275-E079-4805-809C-3A7390CE0245}.Debug|Any CPU.Build.0 = Debug|Any CPU
		{44598275-E079-4805-809C-3A7390CE0245}.Debug|x64.ActiveCfg = Debug|Any CPU
		{44598275-E079-4805-809C-3A7390CE0245}.Debug|x64.Build.0 = Debug|Any CPU
		{44598275-E079-4805-809C-3A7390CE0245}.Debug|x86.ActiveCfg = Debug|Any CPU
		{44598275-E079-4805-809C-3A7390CE0245}.Debug|x86.Build.0 = Debug|Any CPU
		{44598275-E079-4805-809C-3A7390CE0245}.Release|Any CPU.ActiveCfg = Release|Any CPU
		{44598275-E079-4805-809C-3A7390CE0245}.Release|Any CPU.Build.0 = Release|Any CPU
		{44598275-E079-4805-809C-3A7390CE0245}.Release|x64.ActiveCfg = Release|Any CPU
		{44598275-E079-4805-809C-3A7390CE0245}.Release|x64.Build.0 = Release|Any CPU
		{44598275-E079-4805-809C-3A7390CE0245}.Release|x86.ActiveCfg = Release|Any CPU
		{44598275-E079-4805-809C-3A7390CE0245}.Release|x86.Build.0 = Release|Any CPU
		{B6CA6F1B-EAF4-404D-A67C-F1A52223FBD1}.Debug|Any CPU.ActiveCfg = Debug|Any CPU
		{B6CA6F1B-EAF4-404D-A67C-F1A52223FBD1}.Debug|Any CPU.Build.0 = Debug|Any CPU
		{B6CA6F1B-EAF4-404D-A67C-F1A52223FBD1}.Debug|x64.ActiveCfg = Debug|Any CPU
		{B6CA6F1B-EAF4-404D-A67C-F1A52223FBD1}.Debug|x64.Build.0 = Debug|Any CPU
		{B6CA6F1B-EAF4-404D-A67C-F1A52223FBD1}.Debug|x86.ActiveCfg = Debug|Any CPU
		{B6CA6F1B-EAF4-404D-A67C-F1A52223FBD1}.Debug|x86.Build.0 = Debug|Any CPU
		{B6CA6F1B-EAF4-404D-A67C-F1A52223FBD1}.Release|Any CPU.ActiveCfg = Release|Any CPU
		{B6CA6F1B-EAF4-404D-A67C-F1A52223FBD1}.Release|Any CPU.Build.0 = Release|Any CPU
		{B6CA6F1B-EAF4-404D-A67C-F1A52223FBD1}.Release|x64.ActiveCfg = Release|Any CPU
		{B6CA6F1B-EAF4-404D-A67C-F1A52223FBD1}.Release|x64.Build.0 = Release|Any CPU
		{B6CA6F1B-EAF4-404D-A67C-F1A52223FBD1}.Release|x86.ActiveCfg = Release|Any CPU
		{B6CA6F1B-EAF4-404D-A67C-F1A52223FBD1}.Release|x86.Build.0 = Release|Any CPU
		{E46FC229-B0E5-42E6-8E9F-ED16E137B1FF}.Debug|Any CPU.ActiveCfg = Debug|Any CPU
		{E46FC229-B0E5-42E6-8E9F-ED16E137B1FF}.Debug|Any CPU.Build.0 = Debug|Any CPU
		{E46FC229-B0E5-42E6-8E9F-ED16E137B1FF}.Debug|x64.ActiveCfg = Debug|Any CPU
		{E46FC229-B0E5-42E6-8E9F-ED16E137B1FF}.Debug|x64.Build.0 = Debug|Any CPU
		{E46FC229-B0E5-42E6-8E9F-ED16E137B1FF}.Debug|x86.ActiveCfg = Debug|Any CPU
		{E46FC229-B0E5-42E6-8E9F-ED16E137B1FF}.Debug|x86.Build.0 = Debug|Any CPU
		{E46FC229-B0E5-42E6-8E9F-ED16E137B1FF}.Release|Any CPU.ActiveCfg = Release|Any CPU
		{E46FC229-B0E5-42E6-8E9F-ED16E137B1FF}.Release|Any CPU.Build.0 = Release|Any CPU
		{E46FC229-B0E5-42E6-8E9F-ED16E137B1FF}.Release|x64.ActiveCfg = Release|Any CPU
		{E46FC229-B0E5-42E6-8E9F-ED16E137B1FF}.Release|x64.Build.0 = Release|Any CPU
		{E46FC229-B0E5-42E6-8E9F-ED16E137B1FF}.Release|x86.ActiveCfg = Release|Any CPU
		{E46FC229-B0E5-42E6-8E9F-ED16E137B1FF}.Release|x86.Build.0 = Release|Any CPU
		{B32BBC91-70D4-4B66-8933-7A6E4ACB4B06}.Debug|Any CPU.ActiveCfg = Debug|Any CPU
		{B32BBC91-70D4-4B66-8933-7A6E4ACB4B06}.Debug|Any CPU.Build.0 = Debug|Any CPU
		{B32BBC91-70D4-4B66-8933-7A6E4ACB4B06}.Debug|x64.ActiveCfg = Debug|Any CPU
		{B32BBC91-70D4-4B66-8933-7A6E4ACB4B06}.Debug|x64.Build.0 = Debug|Any CPU
		{B32BBC91-70D4-4B66-8933-7A6E4ACB4B06}.Debug|x86.ActiveCfg = Debug|Any CPU
		{B32BBC91-70D4-4B66-8933-7A6E4ACB4B06}.Debug|x86.Build.0 = Debug|Any CPU
		{B32BBC91-70D4-4B66-8933-7A6E4ACB4B06}.Release|Any CPU.ActiveCfg = Release|Any CPU
		{B32BBC91-70D4-4B66-8933-7A6E4ACB4B06}.Release|Any CPU.Build.0 = Release|Any CPU
		{B32BBC91-70D4-4B66-8933-7A6E4ACB4B06}.Release|x64.ActiveCfg = Release|Any CPU
		{B32BBC91-70D4-4B66-8933-7A6E4ACB4B06}.Release|x64.Build.0 = Release|Any CPU
		{B32BBC91-70D4-4B66-8933-7A6E4ACB4B06}.Release|x86.ActiveCfg = Release|Any CPU
		{B32BBC91-70D4-4B66-8933-7A6E4ACB4B06}.Release|x86.Build.0 = Release|Any CPU
		{CB3EA40E-049A-4BBA-8941-567D69FFC6A0}.Debug|Any CPU.ActiveCfg = Debug|Any CPU
		{CB3EA40E-049A-4BBA-8941-567D69FFC6A0}.Debug|Any CPU.Build.0 = Debug|Any CPU
		{CB3EA40E-049A-4BBA-8941-567D69FFC6A0}.Debug|x64.ActiveCfg = Debug|Any CPU
		{CB3EA40E-049A-4BBA-8941-567D69FFC6A0}.Debug|x64.Build.0 = Debug|Any CPU
		{CB3EA40E-049A-4BBA-8941-567D69FFC6A0}.Debug|x86.ActiveCfg = Debug|Any CPU
		{CB3EA40E-049A-4BBA-8941-567D69FFC6A0}.Debug|x86.Build.0 = Debug|Any CPU
		{CB3EA40E-049A-4BBA-8941-567D69FFC6A0}.Release|Any CPU.ActiveCfg = Release|Any CPU
		{CB3EA40E-049A-4BBA-8941-567D69FFC6A0}.Release|Any CPU.Build.0 = Release|Any CPU
		{CB3EA40E-049A-4BBA-8941-567D69FFC6A0}.Release|x64.ActiveCfg = Release|Any CPU
		{CB3EA40E-049A-4BBA-8941-567D69FFC6A0}.Release|x64.Build.0 = Release|Any CPU
		{CB3EA40E-049A-4BBA-8941-567D69FFC6A0}.Release|x86.ActiveCfg = Release|Any CPU
		{CB3EA40E-049A-4BBA-8941-567D69FFC6A0}.Release|x86.Build.0 = Release|Any CPU
		{FBCC851E-8D68-4343-92C4-A254D27B4B0A}.Debug|Any CPU.ActiveCfg = Debug|Any CPU
		{FBCC851E-8D68-4343-92C4-A254D27B4B0A}.Debug|Any CPU.Build.0 = Debug|Any CPU
		{FBCC851E-8D68-4343-92C4-A254D27B4B0A}.Debug|x64.ActiveCfg = Debug|Any CPU
		{FBCC851E-8D68-4343-92C4-A254D27B4B0A}.Debug|x64.Build.0 = Debug|Any CPU
		{FBCC851E-8D68-4343-92C4-A254D27B4B0A}.Debug|x86.ActiveCfg = Debug|Any CPU
		{FBCC851E-8D68-4343-92C4-A254D27B4B0A}.Debug|x86.Build.0 = Debug|Any CPU
		{FBCC851E-8D68-4343-92C4-A254D27B4B0A}.Release|Any CPU.ActiveCfg = Release|Any CPU
		{FBCC851E-8D68-4343-92C4-A254D27B4B0A}.Release|Any CPU.Build.0 = Release|Any CPU
		{FBCC851E-8D68-4343-92C4-A254D27B4B0A}.Release|x64.ActiveCfg = Release|Any CPU
		{FBCC851E-8D68-4343-92C4-A254D27B4B0A}.Release|x64.Build.0 = Release|Any CPU
		{FBCC851E-8D68-4343-92C4-A254D27B4B0A}.Release|x86.ActiveCfg = Release|Any CPU
		{FBCC851E-8D68-4343-92C4-A254D27B4B0A}.Release|x86.Build.0 = Release|Any CPU
		{9B1CB763-F723-450C-83D2-235A0A682F71}.Debug|Any CPU.ActiveCfg = Debug|Any CPU
		{9B1CB763-F723-450C-83D2-235A0A682F71}.Debug|Any CPU.Build.0 = Debug|Any CPU
		{9B1CB763-F723-450C-83D2-235A0A682F71}.Debug|x64.ActiveCfg = Debug|Any CPU
		{9B1CB763-F723-450C-83D2-235A0A682F71}.Debug|x64.Build.0 = Debug|Any CPU
		{9B1CB763-F723-450C-83D2-235A0A682F71}.Debug|x86.ActiveCfg = Debug|Any CPU
		{9B1CB763-F723-450C-83D2-235A0A682F71}.Debug|x86.Build.0 = Debug|Any CPU
		{9B1CB763-F723-450C-83D2-235A0A682F71}.Release|Any CPU.ActiveCfg = Release|Any CPU
		{9B1CB763-F723-450C-83D2-235A0A682F71}.Release|Any CPU.Build.0 = Release|Any CPU
		{9B1CB763-F723-450C-83D2-235A0A682F71}.Release|x64.ActiveCfg = Release|Any CPU
		{9B1CB763-F723-450C-83D2-235A0A682F71}.Release|x64.Build.0 = Release|Any CPU
		{9B1CB763-F723-450C-83D2-235A0A682F71}.Release|x86.ActiveCfg = Release|Any CPU
		{9B1CB763-F723-450C-83D2-235A0A682F71}.Release|x86.Build.0 = Release|Any CPU
		{7DFB18DE-CBC0-4A22-AF84-70246A67170E}.Debug|Any CPU.ActiveCfg = Debug|Any CPU
		{7DFB18DE-CBC0-4A22-AF84-70246A67170E}.Debug|Any CPU.Build.0 = Debug|Any CPU
		{7DFB18DE-CBC0-4A22-AF84-70246A67170E}.Debug|x64.ActiveCfg = Debug|Any CPU
		{7DFB18DE-CBC0-4A22-AF84-70246A67170E}.Debug|x64.Build.0 = Debug|Any CPU
		{7DFB18DE-CBC0-4A22-AF84-70246A67170E}.Debug|x86.ActiveCfg = Debug|Any CPU
		{7DFB18DE-CBC0-4A22-AF84-70246A67170E}.Debug|x86.Build.0 = Debug|Any CPU
		{7DFB18DE-CBC0-4A22-AF84-70246A67170E}.Release|Any CPU.ActiveCfg = Release|Any CPU
		{7DFB18DE-CBC0-4A22-AF84-70246A67170E}.Release|Any CPU.Build.0 = Release|Any CPU
		{7DFB18DE-CBC0-4A22-AF84-70246A67170E}.Release|x64.ActiveCfg = Release|Any CPU
		{7DFB18DE-CBC0-4A22-AF84-70246A67170E}.Release|x64.Build.0 = Release|Any CPU
		{7DFB18DE-CBC0-4A22-AF84-70246A67170E}.Release|x86.ActiveCfg = Release|Any CPU
		{7DFB18DE-CBC0-4A22-AF84-70246A67170E}.Release|x86.Build.0 = Release|Any CPU
		{81E3AF8F-6D30-4BEA-9B5B-EEE523606D18}.Debug|Any CPU.ActiveCfg = Debug|Any CPU
		{81E3AF8F-6D30-4BEA-9B5B-EEE523606D18}.Debug|Any CPU.Build.0 = Debug|Any CPU
		{81E3AF8F-6D30-4BEA-9B5B-EEE523606D18}.Debug|x64.ActiveCfg = Debug|Any CPU
		{81E3AF8F-6D30-4BEA-9B5B-EEE523606D18}.Debug|x64.Build.0 = Debug|Any CPU
		{81E3AF8F-6D30-4BEA-9B5B-EEE523606D18}.Debug|x86.ActiveCfg = Debug|Any CPU
		{81E3AF8F-6D30-4BEA-9B5B-EEE523606D18}.Debug|x86.Build.0 = Debug|Any CPU
		{81E3AF8F-6D30-4BEA-9B5B-EEE523606D18}.Release|Any CPU.ActiveCfg = Release|Any CPU
		{81E3AF8F-6D30-4BEA-9B5B-EEE523606D18}.Release|Any CPU.Build.0 = Release|Any CPU
		{81E3AF8F-6D30-4BEA-9B5B-EEE523606D18}.Release|x64.ActiveCfg = Release|Any CPU
		{81E3AF8F-6D30-4BEA-9B5B-EEE523606D18}.Release|x64.Build.0 = Release|Any CPU
		{81E3AF8F-6D30-4BEA-9B5B-EEE523606D18}.Release|x86.ActiveCfg = Release|Any CPU
		{81E3AF8F-6D30-4BEA-9B5B-EEE523606D18}.Release|x86.Build.0 = Release|Any CPU
	EndGlobalSection
EndGlobal
